
Microsoft Visual Studio Solution File, Format Version 12.00
# Visual Studio 15
VisualStudioVersion = 15.0.28307.106
MinimumVisualStudioVersion = 10.0.40219.1
Project("{FAE04EC0-301F-11D3-BF4B-00C04F79EFBC}") = "CommandPattern", "CommandPattern\CommandPattern.csproj", "{2AAD90FA-1003-41BF-B156-E3E7D9C125BA}"
EndProject
Global
	GlobalSection(SolutionConfigurationPlatforms) = preSolution
		Debug|Any CPU = Debug|Any CPU
		Release|Any CPU = Release|Any CPU
	EndGlobalSection
	GlobalSection(ProjectConfigurationPlatforms) = postSolution
		{2AAD90FA-1003-41BF-B156-E3E7D9C125BA}.Debug|Any CPU.ActiveCfg = Debug|Any CPU
		{2AAD90FA-1003-41BF-B156-E3E7D9C125BA}.Debug|Any CPU.Build.0 = Debug|Any CPU
		{2AAD90FA-1003-41BF-B156-E3E7D9C125BA}.Release|Any CPU.ActiveCfg = Release|Any CPU
		{2AAD90FA-1003-41BF-B156-E3E7D9C125BA}.Release|Any CPU.Build.0 = Release|Any CPU
	EndGlobalSection
	GlobalSection(SolutionProperties) = preSolution
		HideSolutionNode = FALSE
	EndGlobalSection
	GlobalSection(ExtensibilityGlobals) = postSolution
		SolutionGuid = {91B573D3-FA61-4826-8442-7FF41C6854DF}
	EndGlobalSection
EndGlobal
